# Generated by move; do not edit
# This file should be checked in.

[move]
version = 4

[pinned.mainnet.CoinDecimalsRegistry]
source = { git = "https://github.com/scallop-io/sui-lending-protocol.git", subdir = 'contracts\libs\coin_decimals_registry', rev = "334e93a1232a1d9417466080ae24491be3f7b27c" }
use_environment = "mainnet"
manifest_digest = "3876920E3F5449B657525E749B996C31141507452514AF2E259F5441554DCDDF"
deps = { Sui = "Sui" }

[pinned.mainnet.Decimal]
source = { git = "https://github.com/scallop-io/sui-lending-protocol.git", subdir = 'contracts\libs\decimal', rev = "334e93a1232a1d9417466080ae24491be3f7b27c" }
use_environment = "mainnet"
manifest_digest = "3876920E3F5449B657525E749B996C31141507452514AF2E259F5441554DCDDF"
deps = { Sui = "Sui" }

[pinned.mainnet.Math]
source = { git = "https://github.com/scallop-io/sui-lending-protocol.git", subdir = 'contracts\libs\math', rev = "334e93a1232a1d9417466080ae24491be3f7b27c" }
use_environment = "mainnet"
manifest_digest = "3876920E3F5449B657525E749B996C31141507452514AF2E259F5441554DCDDF"
deps = { Sui = "Sui" }

[pinned.mainnet.MoveStdlib]
source = { git = "https://github.com/MystenLabs/sui.git", subdir = 'crates\sui-framework\packages\move-stdlib', rev = "1f6e1e6dd72dc75ac4037b3d4e38e73b133c5ef6" }
use_environment = "mainnet"
manifest_digest = "C4FE4C91DE74CBF223B2E380AE40F592177D21870DC2D7EB6227D2D694E05363"
deps = {}

[pinned.mainnet.MoveStdlib_1]
source = { git = "https://github.com/MystenLabs/sui.git", subdir = 'crates\sui-framework\packages\move-stdlib', rev = "14bf3e318215db21415c7c0ab0c01cf8d7ef594a" }
use_environment = "mainnet"
manifest_digest = "C4FE4C91DE74CBF223B2E380AE40F592177D21870DC2D7EB6227D2D694E05363"
deps = {}

[pinned.mainnet.ScallopProtocol]
source = { git = "https://github.com/scallop-io/sui-lending-protocol.git", subdir = 'contracts\protocol', rev = "334e93a1232a1d9417466080ae24491be3f7b27c" }
use_environment = "mainnet"
manifest_digest = "A91D5B1E1A8E663F005C45833346765F113FED7FFCC93A0E938717DEB8DE0289"
deps = { CoinDecimalsRegistry = "CoinDecimalsRegistry", Decimal = "Decimal", Math = "Math", Sui = "Sui", TestCoin = "TestCoin", Whitelist = "Whitelist", X = "X", XOracle = "XOracle" }

[pinned.mainnet.Sui]
source = { git = "https://github.com/MystenLabs/sui.git", subdir = 'crates\sui-framework\packages\sui-framework', rev = "1f6e1e6dd72dc75ac4037b3d4e38e73b133c5ef6" }
use_environment = "mainnet"
manifest_digest = "CD547CB1ACCE0880C835DAED2D8FFCB91D56C833AE5240D3AA5B918398263195"
deps = { MoveStdlib = "MoveStdlib" }

[pinned.mainnet.Sui_1]
source = { git = "https://github.com/MystenLabs/sui.git", subdir = 'crates\sui-framework\packages\sui-framework', rev = "14bf3e318215db21415c7c0ab0c01cf8d7ef594a" }
use_environment = "mainnet"
manifest_digest = "CD547CB1ACCE0880C835DAED2D8FFCB91D56C833AE5240D3AA5B918398263195"
deps = { MoveStdlib = "MoveStdlib_1" }

[pinned.mainnet.TestCoin]
source = { git = "https://github.com/scallop-io/sui-lending-protocol.git", subdir = 'contracts\test_coin', rev = "334e93a1232a1d9417466080ae24491be3f7b27c" }
use_environment = "mainnet"
manifest_digest = "3876920E3F5449B657525E749B996C31141507452514AF2E259F5441554DCDDF"
deps = { Sui = "Sui" }

[pinned.mainnet.Whitelist]
source = { git = "https://github.com/scallop-io/sui-lending-protocol.git", subdir = 'contracts\libs\whitelist', rev = "334e93a1232a1d9417466080ae24491be3f7b27c" }
use_environment = "mainnet"
manifest_digest = "3876920E3F5449B657525E749B996C31141507452514AF2E259F5441554DCDDF"
deps = { Sui = "Sui" }

[pinned.mainnet.X]
source = { git = "https://github.com/scallop-io/sui-lending-protocol.git", subdir = 'contracts\libs\x', rev = "334e93a1232a1d9417466080ae24491be3f7b27c" }
use_environment = "mainnet"
manifest_digest = "3876920E3F5449B657525E749B996C31141507452514AF2E259F5441554DCDDF"
deps = { Sui = "Sui" }

[pinned.mainnet.XOracle]
source = { git = "https://github.com/scallop-io/sui-lending-protocol.git", subdir = 'contracts\sui_x_oracle\x_oracle', rev = "334e93a1232a1d9417466080ae24491be3f7b27c" }
use_environment = "mainnet"
manifest_digest = "3876920E3F5449B657525E749B996C31141507452514AF2E259F5441554DCDDF"
deps = { Sui = "Sui" }

[pinned.mainnet.velo402]
source = { root = true }
use_environment = "mainnet"
manifest_digest = "5067722ECDF8ADD13A5E995CAB1B5B0FB8A4B49204102E876AF31E0A61C083F0"
deps = { ScallopProtocol = "ScallopProtocol", Sui = "Sui_1" }

[pinned.testnet.MoveStdlib]
source = { git = "https://github.com/MystenLabs/sui.git", subdir = 'crates\sui-framework\packages\move-stdlib', rev = "ff1fe0ec455153707136cffd0dc77dfb77ba9ad5" }
use_environment = "testnet"
manifest_digest = "C4FE4C91DE74CBF223B2E380AE40F592177D21870DC2D7EB6227D2D694E05363"
deps = {}

[pinned.testnet.Sui]
source = { git = "https://github.com/MystenLabs/sui.git", subdir = 'crates\sui-framework\packages\sui-framework', rev = "ff1fe0ec455153707136cffd0dc77dfb77ba9ad5" }
use_environment = "testnet"
manifest_digest = "7AFB66695545775FBFBB2D3078ADFD084244D5002392E837FDE21D9EA1C6D01C"
deps = { MoveStdlib = "MoveStdlib" }

[pinned.testnet.velo402]
source = { root = true }
use_environment = "testnet"
manifest_digest = "D5E0062F1EDD33A59E172DBEA00C2CA9A955E2A8A7CE04920A2CB4C54434AC54"
deps = { Sui = "Sui" }
